
Microsoft Visual Studio Solution File, Format Version 12.00
# Visual Studio 15
VisualStudioVersion = 15.0.26730.12
MinimumVisualStudioVersion = 10.0.40219.1
Project("{FAE04EC0-301F-11D3-BF4B-00C04F79EFBC}") = "ControlWorkHelper", "ControlWorkHelper\ControlWorkHelper.csproj", "{72877433-D3D0-442D-9BF3-26F85F624BB9}"
EndProject
Global
	GlobalSection(SolutionConfigurationPlatforms) = preSolution
		Debug|Any CPU = Debug|Any CPU
		Release|Any CPU = Release|Any CPU
	EndGlobalSection
	GlobalSection(ProjectConfigurationPlatforms) = postSolution
		{72877433-D3D0-442D-9BF3-26F85F624BB9}.Debug|Any CPU.ActiveCfg = Debug|Any CPU
		{72877433-D3D0-442D-9BF3-26F85F624BB9}.Debug|Any CPU.Build.0 = Debug|Any CPU
		{72877433-D3D0-442D-9BF3-26F85F624BB9}.Release|Any CPU.ActiveCfg = Release|Any CPU
		{72877433-D3D0-442D-9BF3-26F85F624BB9}.Release|Any CPU.Build.0 = Release|Any CPU
	EndGlobalSection
	GlobalSection(SolutionProperties) = preSolution
		HideSolutionNode = FALSE
	EndGlobalSection
	GlobalSection(ExtensibilityGlobals) = postSolution
		SolutionGuid = {3F98F469-278B-465B-B9B7-81968937C03E}
	EndGlobalSection
EndGlobal
